// !$*UTF8*$!
{
	archiveVersion = 1;
	classes = {
	};
	objectVersion = 46;
	objects = {

/* Begin PBXBuildFile section */
		32001C821FE4BA2A00FB9613 /* Score.swift in Sources */ = {isa = PBXBuildFile; fileRef = 32001C811FE4BA2A00FB9613 /* Score.swift */; };
		32001C841FE4BD6800FB9613 /* Counter.swift in Sources */ = {isa = PBXBuildFile; fileRef = 32001C831FE4BD6800FB9613 /* Counter.swift */; };
		325240F51FF87D960062A561 /* AudioPlayer.swift in Sources */ = {isa = PBXBuildFile; fileRef = 325240F41FF87D960062A561 /* AudioPlayer.swift */; };
		325240F71FF8C0AA0062A561 /* Sound.swift in Sources */ = {isa = PBXBuildFile; fileRef = 325240F61FF8C0AA0062A561 /* Sound.swift */; };
		325B61C91FEAC763000191EA /* NameValueTableViewCell.swift in Sources */ = {isa = PBXBuildFile; fileRef = 325B61C81FEAC763000191EA /* NameValueTableViewCell.swift */; };
		325B61CB1FEAC909000191EA /* SettingsTableViewController.swift in Sources */ = {isa = PBXBuildFile; fileRef = 325B61CA1FEAC909000191EA /* SettingsTableViewController.swift */; };
		325B61CD1FEACE47000191EA /* BoardDimViewController.swift in Sources */ = {isa = PBXBuildFile; fileRef = 325B61CC1FEACE47000191EA /* BoardDimViewController.swift */; };
		3260C9A21FDDEEF000C7DEBF /* ModelSelectionViewController.swift in Sources */ = {isa = PBXBuildFile; fileRef = 3260C9A11FDDEEF000C7DEBF /* ModelSelectionViewController.swift */; };
		3260C9A41FDDFB6700C7DEBF /* IntelConfigViewController.swift in Sources */ = {isa = PBXBuildFile; fileRef = 3260C9A31FDDFB6700C7DEBF /* IntelConfigViewController.swift */; };
		3260C9A61FDE0EA600C7DEBF /* MenuIconView.swift in Sources */ = {isa = PBXBuildFile; fileRef = 3260C9A51FDE0EA600C7DEBF /* MenuIconView.swift */; };
		3260C9A81FDE172600C7DEBF /* MenuViewController.swift in Sources */ = {isa = PBXBuildFile; fileRef = 3260C9A71FDE172600C7DEBF /* MenuViewController.swift */; };
		326D50B31FF219350040820C /* ToggleTableViewCell.swift in Sources */ = {isa = PBXBuildFile; fileRef = 326D50B21FF219350040820C /* ToggleTableViewCell.swift */; };
		3299B41B1F385D78009AEF55 /* AppDelegate.swift in Sources */ = {isa = PBXBuildFile; fileRef = 3299B41A1F385D78009AEF55 /* AppDelegate.swift */; };
		3299B41D1F385D78009AEF55 /* BoardViewController.swift in Sources */ = {isa = PBXBuildFile; fileRef = 3299B41C1F385D78009AEF55 /* BoardViewController.swift */; };
		3299B4201F385D78009AEF55 /* Main.storyboard in Resources */ = {isa = PBXBuildFile; fileRef = 3299B41E1F385D78009AEF55 /* Main.storyboard */; };
		3299B4231F385D78009AEF55 /* Gobang.xcdatamodeld in Sources */ = {isa = PBXBuildFile; fileRef = 3299B4211F385D78009AEF55 /* Gobang.xcdatamodeld */; };
		3299B4251F385D78009AEF55 /* Assets.xcassets in Resources */ = {isa = PBXBuildFile; fileRef = 3299B4241F385D78009AEF55 /* Assets.xcassets */; };
		3299B4281F385D78009AEF55 /* LaunchScreen.storyboard in Resources */ = {isa = PBXBuildFile; fileRef = 3299B4261F385D78009AEF55 /* LaunchScreen.storyboard */; };
		3299B4311F385EAA009AEF55 /* Vec2D.swift in Sources */ = {isa = PBXBuildFile; fileRef = 3299B42F1F385EAA009AEF55 /* Vec2D.swift */; };
		3299B4321F385EAA009AEF55 /* Utils.swift in Sources */ = {isa = PBXBuildFile; fileRef = 3299B4301F385EAA009AEF55 /* Utils.swift */; };
		3299B4351F385F8D009AEF55 /* BoardView.swift in Sources */ = {isa = PBXBuildFile; fileRef = 3299B4341F385F8D009AEF55 /* BoardView.swift */; };
		3299B4371F3861F5009AEF55 /* Board.swift in Sources */ = {isa = PBXBuildFile; fileRef = 3299B4361F3861F5009AEF55 /* Board.swift */; };
		32ABD54D1F3F35B3007F165B /* Intelligence.swift in Sources */ = {isa = PBXBuildFile; fileRef = 32ABD54C1F3F35B3007F165B /* Intelligence.swift */; };
		32D221091FF8C5BA00F6C918 /* move.mp3 in Resources */ = {isa = PBXBuildFile; fileRef = 32D221081FF8C5BA00F6C918 /* move.mp3 */; };
/* End PBXBuildFile section */

/* Begin PBXFileReference section */
		32001C811FE4BA2A00FB9613 /* Score.swift */ = {isa = PBXFileReference; lastKnownFileType = sourcecode.swift; path = Score.swift; sourceTree = "<group>"; };
		32001C831FE4BD6800FB9613 /* Counter.swift */ = {isa = PBXFileReference; lastKnownFileType = sourcecode.swift; path = Counter.swift; sourceTree = "<group>"; };
		325240F41FF87D960062A561 /* AudioPlayer.swift */ = {isa = PBXFileReference; lastKnownFileType = sourcecode.swift; path = AudioPlayer.swift; sourceTree = "<group>"; };
		325240F61FF8C0AA0062A561 /* Sound.swift */ = {isa = PBXFileReference; lastKnownFileType = sourcecode.swift; path = Sound.swift; sourceTree = "<group>"; };
		325B61C81FEAC763000191EA /* NameValueTableViewCell.swift */ = {isa = PBXFileReference; lastKnownFileType = sourcecode.swift; path = NameValueTableViewCell.swift; sourceTree = "<group>"; };
		325B61CA1FEAC909000191EA /* SettingsTableViewController.swift */ = {isa = PBXFileReference; lastKnownFileType = sourcecode.swift; path = SettingsTableViewController.swift; sourceTree = "<group>"; };
		325B61CC1FEACE47000191EA /* BoardDimViewController.swift */ = {isa = PBXFileReference; lastKnownFileType = sourcecode.swift; path = BoardDimViewController.swift; sourceTree = "<group>"; };
		3260C9A11FDDEEF000C7DEBF /* ModelSelectionViewController.swift */ = {isa = PBXFileReference; lastKnownFileType = sourcecode.swift; path = ModelSelectionViewController.swift; sourceTree = "<group>"; };
		3260C9A31FDDFB6700C7DEBF /* IntelConfigViewController.swift */ = {isa = PBXFileReference; lastKnownFileType = sourcecode.swift; path = IntelConfigViewController.swift; sourceTree = "<group>"; };
		3260C9A51FDE0EA600C7DEBF /* MenuIconView.swift */ = {isa = PBXFileReference; lastKnownFileType = sourcecode.swift; path = MenuIconView.swift; sourceTree = "<group>"; };
		3260C9A71FDE172600C7DEBF /* MenuViewController.swift */ = {isa = PBXFileReference; lastKnownFileType = sourcecode.swift; path = MenuViewController.swift; sourceTree = "<group>"; };
		326D50B21FF219350040820C /* ToggleTableViewCell.swift */ = {isa = PBXFileReference; lastKnownFileType = sourcecode.swift; path = ToggleTableViewCell.swift; sourceTree = "<group>"; };
		3299B4171F385D78009AEF55 /* Gomoku.app */ = {isa = PBXFileReference; explicitFileType = wrapper.application; includeInIndex = 0; path = Gomoku.app; sourceTree = BUILT_PRODUCTS_DIR; };
		3299B41A1F385D78009AEF55 /* AppDelegate.swift */ = {isa = PBXFileReference; lastKnownFileType = sourcecode.swift; path = AppDelegate.swift; sourceTree = "<group>"; };
		3299B41C1F385D78009AEF55 /* BoardViewController.swift */ = {isa = PBXFileReference; lastKnownFileType = sourcecode.swift; path = BoardViewController.swift; sourceTree = "<group>"; };
		3299B41F1F385D78009AEF55 /* Base */ = {isa = PBXFileReference; lastKnownFileType = file.storyboard; name = Base; path = Base.lproj/Main.storyboard; sourceTree = "<group>"; };
		3299B4221F385D78009AEF55 /* Gobang.xcdatamodel */ = {isa = PBXFileReference; lastKnownFileType = wrapper.xcdatamodel; path = Gobang.xcdatamodel; sourceTree = "<group>"; };
		3299B4241F385D78009AEF55 /* Assets.xcassets */ = {isa = PBXFileReference; lastKnownFileType = folder.assetcatalog; name = Assets.xcassets; path = Gomoku/Assets.xcassets; sourceTree = SOURCE_ROOT; };
		3299B4271F385D78009AEF55 /* Base */ = {isa = PBXFileReference; lastKnownFileType = file.storyboard; name = Base; path = Base.lproj/LaunchScreen.storyboard; sourceTree = "<group>"; };
		3299B4291F385D78009AEF55 /* Info.plist */ = {isa = PBXFileReference; lastKnownFileType = text.plist.xml; path = Info.plist; sourceTree = "<group>"; };
		3299B42F1F385EAA009AEF55 /* Vec2D.swift */ = {isa = PBXFileReference; fileEncoding = 4; lastKnownFileType = sourcecode.swift; path = Vec2D.swift; sourceTree = "<group>"; };
		3299B4301F385EAA009AEF55 /* Utils.swift */ = {isa = PBXFileReference; fileEncoding = 4; lastKnownFileType = sourcecode.swift; path = Utils.swift; sourceTree = "<group>"; };
		3299B4341F385F8D009AEF55 /* BoardView.swift */ = {isa = PBXFileReference; fileEncoding = 4; lastKnownFileType = sourcecode.swift; path = BoardView.swift; sourceTree = "<group>"; };
		3299B4361F3861F5009AEF55 /* Board.swift */ = {isa = PBXFileReference; fileEncoding = 4; lastKnownFileType = sourcecode.swift; path = Board.swift; sourceTree = "<group>"; };
		32ABD54C1F3F35B3007F165B /* Intelligence.swift */ = {isa = PBXFileReference; fileEncoding = 4; lastKnownFileType = sourcecode.swift; path = Intelligence.swift; sourceTree = "<group>"; };
		32D221081FF8C5BA00F6C918 /* move.mp3 */ = {isa = PBXFileReference; lastKnownFileType = audio.mp3; path = move.mp3; sourceTree = "<group>"; };
/* End PBXFileReference section */

/* Begin PBXFrameworksBuildPhase section */
		3299B4141F385D78009AEF55 /* Frameworks */ = {
			isa = PBXFrameworksBuildPhase;
			buildActionMask = 2147483647;
			files = (
			);
			runOnlyForDeploymentPostprocessing = 0;
		};
/* End PBXFrameworksBuildPhase section */

/* Begin PBXGroup section */
		325873F41FE075E500E8B61D /* Board */ = {
			isa = PBXGroup;
			children = (
				3299B4361F3861F5009AEF55 /* Board.swift */,
				3299B4341F385F8D009AEF55 /* BoardView.swift */,
				3299B41C1F385D78009AEF55 /* BoardViewController.swift */,
			);
			name = Board;
			sourceTree = "<group>";
		};
		325873F51FE0760500E8B61D /* Intelligence */ = {
			isa = PBXGroup;
			children = (
				32ABD54C1F3F35B3007F165B /* Intelligence.swift */,
				3260C9A31FDDFB6700C7DEBF /* IntelConfigViewController.swift */,
				32001C811FE4BA2A00FB9613 /* Score.swift */,
				32001C831FE4BD6800FB9613 /* Counter.swift */,
			);
			name = Intelligence;
			sourceTree = "<group>";
		};
		326D50B41FF28CA70040820C /* Table Cells */ = {
			isa = PBXGroup;
			children = (
				326D50B21FF219350040820C /* ToggleTableViewCell.swift */,
				325B61C81FEAC763000191EA /* NameValueTableViewCell.swift */,
			);
			name = "Table Cells";
			sourceTree = "<group>";
		};
		3299B40E1F385D78009AEF55 = {
			isa = PBXGroup;
			children = (
				3299B4191F385D78009AEF55 /* Gomoku */,
				3299B4181F385D78009AEF55 /* Products */,
			);
			sourceTree = "<group>";
		};
		3299B4181F385D78009AEF55 /* Products */ = {
			isa = PBXGroup;
			children = (
				3299B4171F385D78009AEF55 /* Gomoku.app */,
			);
			name = Products;
			sourceTree = "<group>";
		};
		3299B4191F385D78009AEF55 /* Gomoku */ = {
			isa = PBXGroup;
			children = (
				32D221081FF8C5BA00F6C918 /* move.mp3 */,
				3299B41A1F385D78009AEF55 /* AppDelegate.swift */,
				3299B4331F385EBC009AEF55 /* Utils */,
				325873F51FE0760500E8B61D /* Intelligence */,
				325873F41FE075E500E8B61D /* Board */,
				3260C9A71FDE172600C7DEBF /* MenuViewController.swift */,
				326D50B41FF28CA70040820C /* Table Cells */,
				32D2210A1FF94B5900F6C918 /* Settings */,
				3260C9A11FDDEEF000C7DEBF /* ModelSelectionViewController.swift */,
				3260C9A51FDE0EA600C7DEBF /* MenuIconView.swift */,
				3299B4241F385D78009AEF55 /* Assets.xcassets */,
				3299B41E1F385D78009AEF55 /* Main.storyboard */,
				3299B4261F385D78009AEF55 /* LaunchScreen.storyboard */,
				3299B4291F385D78009AEF55 /* Info.plist */,
				3299B4211F385D78009AEF55 /* Gobang.xcdatamodeld */,
			);
			path = Gomoku;
			sourceTree = "<group>";
		};
		3299B4331F385EBC009AEF55 /* Utils */ = {
			isa = PBXGroup;
			children = (
				3299B42F1F385EAA009AEF55 /* Vec2D.swift */,
				3299B4301F385EAA009AEF55 /* Utils.swift */,
				325240F41FF87D960062A561 /* AudioPlayer.swift */,
				325240F61FF8C0AA0062A561 /* Sound.swift */,
			);
			name = Utils;
			sourceTree = "<group>";
		};
		32D2210A1FF94B5900F6C918 /* Settings */ = {
			isa = PBXGroup;
			children = (
				325B61CC1FEACE47000191EA /* BoardDimViewController.swift */,
				325B61CA1FEAC909000191EA /* SettingsTableViewController.swift */,
			);
			name = Settings;
			sourceTree = "<group>";
		};
/* End PBXGroup section */

/* Begin PBXNativeTarget section */
		3299B4161F385D78009AEF55 /* Gomoku */ = {
			isa = PBXNativeTarget;
			buildConfigurationList = 3299B42C1F385D78009AEF55 /* Build configuration list for PBXNativeTarget "Gomoku" */;
			buildPhases = (
				3299B4131F385D78009AEF55 /* Sources */,
				3299B4141F385D78009AEF55 /* Frameworks */,
				3299B4151F385D78009AEF55 /* Resources */,
			);
			buildRules = (
			);
			dependencies = (
			);
			name = Gomoku;
			productName = Gobang;
			productReference = 3299B4171F385D78009AEF55 /* Gomoku.app */;
			productType = "com.apple.product-type.application";
		};
/* End PBXNativeTarget section */

/* Begin PBXProject section */
		3299B40F1F385D78009AEF55 /* Project object */ = {
			isa = PBXProject;
			attributes = {
				LastSwiftUpdateCheck = 0830;
				LastUpgradeCheck = 0920;
				ORGANIZATIONNAME = Jiachen;
				TargetAttributes = {
					3299B4161F385D78009AEF55 = {
						CreatedOnToolsVersion = 8.3;
						DevelopmentTeam = AM89ND2ZY7;
						LastSwiftMigration = 0920;
						ProvisioningStyle = Automatic;
					};
				};
			};
			buildConfigurationList = 3299B4121F385D78009AEF55 /* Build configuration list for PBXProject "Gomoku" */;
			compatibilityVersion = "Xcode 3.2";
			developmentRegion = English;
			hasScannedForEncodings = 0;
			knownRegions = (
				en,
				Base,
			);
			mainGroup = 3299B40E1F385D78009AEF55;
			productRefGroup = 3299B4181F385D78009AEF55 /* Products */;
			projectDirPath = "";
			projectRoot = "";
			targets = (
				3299B4161F385D78009AEF55 /* Gomoku */,
			);
		};
/* End PBXProject section */

/* Begin PBXResourcesBuildPhase section */
		3299B4151F385D78009AEF55 /* Resources */ = {
			isa = PBXResourcesBuildPhase;
			buildActionMask = 2147483647;
			files = (
				3299B4281F385D78009AEF55 /* LaunchScreen.storyboard in Resources */,
				32D221091FF8C5BA00F6C918 /* move.mp3 in Resources */,
				3299B4251F385D78009AEF55 /* Assets.xcassets in Resources */,
				3299B4201F385D78009AEF55 /* Main.storyboard in Resources */,
			);
			runOnlyForDeploymentPostprocessing = 0;
		};
/* End PBXResourcesBuildPhase section */

/* Begin PBXSourcesBuildPhase section */
		3299B4131F385D78009AEF55 /* Sources */ = {
			isa = PBXSourcesBuildPhase;
			buildActionMask = 2147483647;
			files = (
				32ABD54D1F3F35B3007F165B /* Intelligence.swift in Sources */,
				326D50B31FF219350040820C /* ToggleTableViewCell.swift in Sources */,
				3260C9A21FDDEEF000C7DEBF /* ModelSelectionViewController.swift in Sources */,
				3299B4321F385EAA009AEF55 /* Utils.swift in Sources */,
				3260C9A41FDDFB6700C7DEBF /* IntelConfigViewController.swift in Sources */,
				32001C821FE4BA2A00FB9613 /* Score.swift in Sources */,
				3299B41D1F385D78009AEF55 /* BoardViewController.swift in Sources */,
				3299B41B1F385D78009AEF55 /* AppDelegate.swift in Sources */,
				32001C841FE4BD6800FB9613 /* Counter.swift in Sources */,
				3299B4351F385F8D009AEF55 /* BoardView.swift in Sources */,
				3260C9A81FDE172600C7DEBF /* MenuViewController.swift in Sources */,
				325B61CD1FEACE47000191EA /* BoardDimViewController.swift in Sources */,
				325240F51FF87D960062A561 /* AudioPlayer.swift in Sources */,
				3260C9A61FDE0EA600C7DEBF /* MenuIconView.swift in Sources */,
				3299B4371F3861F5009AEF55 /* Board.swift in Sources */,
				325240F71FF8C0AA0062A561 /* Sound.swift in Sources */,
				325B61CB1FEAC909000191EA /* SettingsTableViewController.swift in Sources */,
				3299B4311F385EAA009AEF55 /* Vec2D.swift in Sources */,
				3299B4231F385D78009AEF55 /* Gobang.xcdatamodeld in Sources */,
				325B61C91FEAC763000191EA /* NameValueTableViewCell.swift in Sources */,
			);
			runOnlyForDeploymentPostprocessing = 0;
		};
/* End PBXSourcesBuildPhase section */

/* Begin PBXVariantGroup section */
		3299B41E1F385D78009AEF55 /* Main.storyboard */ = {
			isa = PBXVariantGroup;
			children = (
				3299B41F1F385D78009AEF55 /* Base */,
			);
			name = Main.storyboard;
			sourceTree = "<group>";
		};
		3299B4261F385D78009AEF55 /* LaunchScreen.storyboard */ = {
			isa = PBXVariantGroup;
			children = (
				3299B4271F385D78009AEF55 /* Base */,
			);
			name = LaunchScreen.storyboard;
			sourceTree = "<group>";
		};
/* End PBXVariantGroup section */

/* Begin XCBuildConfiguration section */
		3299B42A1F385D78009AEF55 /* Debug */ = {
			isa = XCBuildConfiguration;
			buildSettings = {
				ALWAYS_SEARCH_USER_PATHS = NO;
				CLANG_ANALYZER_NONNULL = YES;
				CLANG_ANALYZER_NUMBER_OBJECT_CONVERSION = YES_AGGRESSIVE;
				CLANG_CXX_LANGUAGE_STANDARD = "gnu++0x";
				CLANG_CXX_LIBRARY = "libc++";
				CLANG_ENABLE_MODULES = YES;
				CLANG_ENABLE_OBJC_ARC = YES;
				CLANG_WARN_BLOCK_CAPTURE_AUTORELEASING = YES;
				CLANG_WARN_BOOL_CONVERSION = YES;
				CLANG_WARN_COMMA = YES;
				CLANG_WARN_CONSTANT_CONVERSION = YES;
				CLANG_WARN_DIRECT_OBJC_ISA_USAGE = YES_ERROR;
				CLANG_WARN_DOCUMENTATION_COMMENTS = YES;
				CLANG_WARN_EMPTY_BODY = YES;
				CLANG_WARN_ENUM_CONVERSION = YES;
				CLANG_WARN_INFINITE_RECURSION = YES;
				CLANG_WARN_INT_CONVERSION = YES;
				CLANG_WARN_NON_LITERAL_NULL_CONVERSION = YES;
				CLANG_WARN_OBJC_LITERAL_CONVERSION = YES;
				CLANG_WARN_OBJC_ROOT_CLASS = YES_ERROR;
				CLANG_WARN_RANGE_LOOP_ANALYSIS = YES;
				CLANG_WARN_STRICT_PROTOTYPES = YES;
				CLANG_WARN_SUSPICIOUS_MOVE = YES;
				CLANG_WARN_UNREACHABLE_CODE = YES;
				CLANG_WARN__DUPLICATE_METHOD_MATCH = YES;
				"CODE_SIGN_IDENTITY[sdk=iphoneos*]" = "iPhone Developer";
				COPY_PHASE_STRIP = NO;
				DEBUG_INFORMATION_FORMAT = dwarf;
				ENABLE_STRICT_OBJC_MSGSEND = YES;
				ENABLE_TESTABILITY = YES;
				GCC_C_LANGUAGE_STANDARD = gnu99;
				GCC_DYNAMIC_NO_PIC = NO;
				GCC_NO_COMMON_BLOCKS = YES;
				GCC_OPTIMIZATION_LEVEL = 0;
				GCC_PREPROCESSOR_DEFINITIONS = (
					"DEBUG=1",
					"$(inherited)",
				);
				GCC_WARN_64_TO_32_BIT_CONVERSION = YES;
				GCC_WARN_ABOUT_RETURN_TYPE = YES_ERROR;
				GCC_WARN_UNDECLARED_SELECTOR = YES;
				GCC_WARN_UNINITIALIZED_AUTOS = YES_AGGRESSIVE;
				GCC_WARN_UNUSED_FUNCTION = YES;
				GCC_WARN_UNUSED_VARIABLE = YES;
				IPHONEOS_DEPLOYMENT_TARGET = 10.3;
				MTL_ENABLE_DEBUG_INFO = YES;
				ONLY_ACTIVE_ARCH = YES;
				SDKROOT = iphoneos;
				SWIFT_ACTIVE_COMPILATION_CONDITIONS = DEBUG;
				SWIFT_OPTIMIZATION_LEVEL = "-Onone";
				TARGETED_DEVICE_FAMILY = "1,2";
			};
			name = Debug;
		};
		3299B42B1F385D78009AEF55 /* Release */ = {
			isa = XCBuildConfiguration;
			buildSettings = {
				ALWAYS_SEARCH_USER_PATHS = NO;
				CLANG_ANALYZER_NONNULL = YES;
				CLANG_ANALYZER_NUMBER_OBJECT_CONVERSION = YES_AGGRESSIVE;
				CLANG_CXX_LANGUAGE_STANDARD = "gnu++0x";
				CLANG_CXX_LIBRARY = "libc++";
				CLANG_ENABLE_MODULES = YES;
				CLANG_ENABLE_OBJC_ARC = YES;
				CLANG_WARN_BLOCK_CAPTURE_AUTORELEASING = YES;
				CLANG_WARN_BOOL_CONVERSION = YES;
				CLANG_WARN_COMMA = YES;
				CLANG_WARN_CONSTANT_CONVERSION = YES;
				CLANG_WARN_DIRECT_OBJC_ISA_USAGE = YES_ERROR;
				CLANG_WARN_DOCUMENTATION_COMMENTS = YES;
				CLANG_WARN_EMPTY_BODY = YES;
				CLANG_WARN_ENUM_CONVERSION = YES;
				CLANG_WARN_INFINITE_RECURSION = YES;
				CLANG_WARN_INT_CONVERSION = YES;
				CLANG_WARN_NON_LITERAL_NULL_CONVERSION = YES;
				CLANG_WARN_OBJC_LITERAL_CONVERSION = YES;
				CLANG_WARN_OBJC_ROOT_CLASS = YES_ERROR;
				CLANG_WARN_RANGE_LOOP_ANALYSIS = YES;
				CLANG_WARN_STRICT_PROTOTYPES = YES;
				CLANG_WARN_SUSPICIOUS_MOVE = YES;
				CLANG_WARN_UNREACHABLE_CODE = YES;
				CLANG_WARN__DUPLICATE_METHOD_MATCH = YES;
				"CODE_SIGN_IDENTITY[sdk=iphoneos*]" = "iPhone Developer";
				COPY_PHASE_STRIP = NO;
				DEBUG_INFORMATION_FORMAT = "dwarf-with-dsym";
				ENABLE_NS_ASSERTIONS = NO;
				ENABLE_STRICT_OBJC_MSGSEND = YES;
				GCC_C_LANGUAGE_STANDARD = gnu99;
				GCC_NO_COMMON_BLOCKS = YES;
				GCC_WARN_64_TO_32_BIT_CONVERSION = YES;
				GCC_WARN_ABOUT_RETURN_TYPE = YES_ERROR;
				GCC_WARN_UNDECLARED_SELECTOR = YES;
				GCC_WARN_UNINITIALIZED_AUTOS = YES_AGGRESSIVE;
				GCC_WARN_UNUSED_FUNCTION = YES;
				GCC_WARN_UNUSED_VARIABLE = YES;
				IPHONEOS_DEPLOYMENT_TARGET = 10.3;
				MTL_ENABLE_DEBUG_INFO = NO;
				SDKROOT = iphoneos;
				SWIFT_OPTIMIZATION_LEVEL = "-Owholemodule";
				TARGETED_DEVICE_FAMILY = "1,2";
				VALIDATE_PRODUCT = YES;
			};
			name = Release;
		};
		3299B42D1F385D78009AEF55 /* Debug */ = {
			isa = XCBuildConfiguration;
			buildSettings = {
				ASSETCATALOG_COMPILER_APPICON_NAME = AppIcon;
				DEVELOPMENT_TEAM = AM89ND2ZY7;
				INFOPLIST_FILE = Gomoku/Info.plist;
				IPHONEOS_DEPLOYMENT_TARGET = 10.0;
				LD_RUNPATH_SEARCH_PATHS = "$(inherited) @executable_path/Frameworks";
				PRODUCT_BUNDLE_IDENTIFIER = com.jiachenren.Gomoku;
				PRODUCT_NAME = "$(TARGET_NAME)";
				SWIFT_SWIFT3_OBJC_INFERENCE = Default;
				SWIFT_VERSION = 4.0;
				TARGETED_DEVICE_FAMILY = 1;
			};
			name = Debug;
		};
		3299B42E1F385D78009AEF55 /* Release */ = {
			isa = XCBuildConfiguration;
			buildSettings = {
				ASSETCATALOG_COMPILER_APPICON_NAME = AppIcon;
				DEVELOPMENT_TEAM = AM89ND2ZY7;
				INFOPLIST_FILE = Gomoku/Info.plist;
				IPHONEOS_DEPLOYMENT_TARGET = 10.0;
				LD_RUNPATH_SEARCH_PATHS = "$(inherited) @executable_path/Frameworks";
				PRODUCT_BUNDLE_IDENTIFIER = com.jiachenren.Gomoku;
				PRODUCT_NAME = "$(TARGET_NAME)";
				SWIFT_SWIFT3_OBJC_INFERENCE = Default;
				SWIFT_VERSION = 4.0;
				TARGETED_DEVICE_FAMILY = 1;
			};
			name = Release;
		};
/* End XCBuildConfiguration section */

/* Begin XCConfigurationList section */
		3299B4121F385D78009AEF55 /* Build configuration list for PBXProject "Gomoku" */ = {
			isa = XCConfigurationList;
			buildConfigurations = (
				3299B42A1F385D78009AEF55 /* Debug */,
				3299B42B1F385D78009AEF55 /* Release */,
			);
			defaultConfigurationIsVisible = 0;
			defaultConfigurationName = Release;
		};
		3299B42C1F385D78009AEF55 /* Build configuration list for PBXNativeTarget "Gomoku" */ = {
			isa = XCConfigurationList;
			buildConfigurations = (
				3299B42D1F385D78009AEF55 /* Debug */,
				3299B42E1F385D78009AEF55 /* Release */,
			);
			defaultConfigurationIsVisible = 0;
			defaultConfigurationName = Release;
		};
/* End XCConfigurationList section */

/* Begin XCVersionGroup section */
		3299B4211F385D78009AEF55 /* Gobang.xcdatamodeld */ = {
			isa = XCVersionGroup;
			children = (
				3299B4221F385D78009AEF55 /* Gobang.xcdatamodel */,
			);
			currentVersion = 3299B4221F385D78009AEF55 /* Gobang.xcdatamodel */;
			path = Gobang.xcdatamodeld;
			sourceTree = "<group>";
			versionGroupType = wrapper.xcdatamodel;
		};
/* End XCVersionGroup section */
	};
	rootObject = 3299B40F1F385D78009AEF55 /* Project object */;
}
